
Microsoft Visual Studio Solution File, Format Version 12.00
# Visual Studio 2012
Project("{FAE04EC0-301F-11D3-BF4B-00C04F79EFBC}") = "gMapLib", "gMapLib\gMapLib.csproj", "{93DD8060-0E33-4F2B-A4A2-2828BBFD4954}"
EndProject
Project("{2150E333-8FDC-42A3-9474-1A3956D46DE8}") = "Solution Items", "Solution Items", "{9A212DE7-F703-40D2-A8F8-6E5C8852A347}"
	ProjectSection(SolutionItems) = preProject
		WE-settings.xml = WE-settings.xml
	EndProjectSection
EndProject
Project("{2150E333-8FDC-42A3-9474-1A3956D46DE8}") = ".nuget", ".nuget", "{CBD21E89-0808-49AC-9C6D-4F5851225C58}"
	ProjectSection(SolutionItems) = preProject
		.nuget\NuGet.Config = .nuget\NuGet.Config
		.nuget\NuGet.exe = .nuget\NuGet.exe
		.nuget\NuGet.targets = .nuget\NuGet.targets
	EndProjectSection
EndProject
Global
	GlobalSection(SolutionConfigurationPlatforms) = preSolution
		Debug|Any CPU = Debug|Any CPU
		Release|Any CPU = Release|Any CPU
	EndGlobalSection
	GlobalSection(ProjectConfigurationPlatforms) = postSolution
		{93DD8060-0E33-4F2B-A4A2-2828BBFD4954}.Debug|Any CPU.ActiveCfg = Debug|Any CPU
		{93DD8060-0E33-4F2B-A4A2-2828BBFD4954}.Debug|Any CPU.Build.0 = Debug|Any CPU
		{93DD8060-0E33-4F2B-A4A2-2828BBFD4954}.Release|Any CPU.ActiveCfg = Release|Any CPU
		{93DD8060-0E33-4F2B-A4A2-2828BBFD4954}.Release|Any CPU.Build.0 = Release|Any CPU
	EndGlobalSection
	GlobalSection(SolutionProperties) = preSolution
		HideSolutionNode = FALSE
	EndGlobalSection
EndGlobal
